
Microsoft Visual Studio Solution File, Format Version 12.00
# Visual Studio Version 17
VisualStudioVersion = 17.4.33403.182
MinimumVisualStudioVersion = 10.0.40219.1
Project("{FAE04EC0-301F-11D3-BF4B-00C04F79EFBC}") = "KnihovnaZoldak", "KnihovnaZoldak\KnihovnaZoldak.csproj", "{DF74A748-7EA9-4C81-9B58-FCA221DD9168}"
EndProject
Global
	GlobalSection(SolutionConfigurationPlatforms) = preSolution
		Debug|Any CPU = Debug|Any CPU
		Release|Any CPU = Release|Any CPU
	EndGlobalSection
	GlobalSection(ProjectConfigurationPlatforms) = postSolution
		{DF74A748-7EA9-4C81-9B58-FCA221DD9168}.Debug|Any CPU.ActiveCfg = Debug|Any CPU
		{DF74A748-7EA9-4C81-9B58-FCA221DD9168}.Debug|Any CPU.Build.0 = Debug|Any CPU
		{DF74A748-7EA9-4C81-9B58-FCA221DD9168}.Release|Any CPU.ActiveCfg = Release|Any CPU
		{DF74A748-7EA9-4C81-9B58-FCA221DD9168}.Release|Any CPU.Build.0 = Release|Any CPU
	EndGlobalSection
	GlobalSection(SolutionProperties) = preSolution
		HideSolutionNode = FALSE
	EndGlobalSection
	GlobalSection(ExtensibilityGlobals) = postSolution
		SolutionGuid = {272F2D78-DB01-44C5-80FE-FCB1920BABC1}
	EndGlobalSection
EndGlobal
